
Microsoft Visual Studio Solution File, Format Version 12.00
# Visual Studio 15
VisualStudioVersion = 15.0.27428.2043
MinimumVisualStudioVersion = 10.0.40219.1
Project("{FAE04EC0-301F-11D3-BF4B-00C04F79EFBC}") = "Base MicroService", "Base MicroService\Base MicroService.csproj", "{37696FF5-4B8B-4BEC-B2CE-B5AE88CD38F3}"
EndProject
Project("{FAE04EC0-301F-11D3-BF4B-00C04F79EFBC}") = "CommonMessages", "CommonMessages\CommonMessages.csproj", "{0E86C04B-7500-45E1-A98A-167B6AB824CB}"
EndProject
Project("{FAE04EC0-301F-11D3-BF4B-00C04F79EFBC}") = "Memory MicroService", "Memory MicroService\Memory MicroService.csproj", "{5672C576-0F59-480D-8B70-8C4E947D038D}"
EndProject
Global
	GlobalSection(SolutionConfigurationPlatforms) = preSolution
		Debug|Any CPU = Debug|Any CPU
		Release|Any CPU = Release|Any CPU
	EndGlobalSection
	GlobalSection(ProjectConfigurationPlatforms) = postSolution
		{37696FF5-4B8B-4BEC-B2CE-B5AE88CD38F3}.Debug|Any CPU.ActiveCfg = Debug|Any CPU
		{37696FF5-4B8B-4BEC-B2CE-B5AE88CD38F3}.Debug|Any CPU.Build.0 = Debug|Any CPU
		{37696FF5-4B8B-4BEC-B2CE-B5AE88CD38F3}.Release|Any CPU.ActiveCfg = Release|Any CPU
		{37696FF5-4B8B-4BEC-B2CE-B5AE88CD38F3}.Release|Any CPU.Build.0 = Release|Any CPU
		{0E86C04B-7500-45E1-A98A-167B6AB824CB}.Debug|Any CPU.ActiveCfg = Debug|Any CPU
		{0E86C04B-7500-45E1-A98A-167B6AB824CB}.Debug|Any CPU.Build.0 = Debug|Any CPU
		{0E86C04B-7500-45E1-A98A-167B6AB824CB}.Release|Any CPU.ActiveCfg = Release|Any CPU
		{0E86C04B-7500-45E1-A98A-167B6AB824CB}.Release|Any CPU.Build.0 = Release|Any CPU
		{5672C576-0F59-480D-8B70-8C4E947D038D}.Debug|Any CPU.ActiveCfg = Debug|Any CPU
		{5672C576-0F59-480D-8B70-8C4E947D038D}.Debug|Any CPU.Build.0 = Debug|Any CPU
		{5672C576-0F59-480D-8B70-8C4E947D038D}.Release|Any CPU.ActiveCfg = Release|Any CPU
		{5672C576-0F59-480D-8B70-8C4E947D038D}.Release|Any CPU.Build.0 = Release|Any CPU
	EndGlobalSection
	GlobalSection(SolutionProperties) = preSolution
		HideSolutionNode = FALSE
	EndGlobalSection
	GlobalSection(ExtensibilityGlobals) = postSolution
		SolutionGuid = {E4EEBCC0-E800-4F3B-85D1-066456D21EE4}
	EndGlobalSection
EndGlobal
